Public Class Form1
    Private Sub Button1_Click(sender As Object, e As EventArgs) Handles Button1.Click
        Dim country As String

        country = txtCountry.Text

        If country = "South Africa" Then
            MsgBox("Thobela")
        ElseIf country = "Lesotho" Then
            MsgBox("DUMELA")
        ElseIf country = "SPAIN" Then
            MsgBox("Bonjour")
        Else
            MsgBox("How Can I help you")

        End If
    End Sub
End Class
